{
    "version": 3,
    "terraform_version": "0.11.11",
    "serial": 5,
    "lineage": "5ec701bf-b67e-376a-3f9a-46c93c99fa4b",
    "modules": [
        {
            "path": [
                "root"
            ],
            "outputs": {
                "amazon_linux_2_version": {
                    "sensitive": false,
                    "type": "string",
                    "value": "ami-02fd0b06f06d93dfc"
                }
            },
            "resources": {
                "aws_instance.example": {
                    "type": "aws_instance",
                    "depends_on": [
                        "data.aws_ami.amazon_linux_2"
                    ],
                    "primary": {
                        "id": "i-057a2bae17c31cb07",
                        "attributes": {
                            "ami": "ami-02fd0b06f06d93dfc",
                            "arn": "arn:aws:ec2:ap-southeast-2:058671392321:instance/i-057a2bae17c31cb07",
                            "associate_public_ip_address": "true",
                            "availability_zone": "ap-southeast-2a",
                            "cpu_core_count": "1",
                            "cpu_threads_per_core": "1",
                            "credit_specification.#": "1",
                            "credit_specification.0.cpu_credits": "standard",
                            "disable_api_termination": "false",
                            "ebs_block_device.#": "0",
                            "ebs_optimized": "false",
                            "ephemeral_block_device.#": "0",
                            "get_password_data": "false",
                            "iam_instance_profile": "",
                            "id": "i-057a2bae17c31cb07",
                            "instance_state": "running",
                            "instance_type": "t2.micro",
                            "ipv6_addresses.#": "0",
                            "key_name": "",
                            "monitoring": "false",
                            "network_interface.#": "0",
                            "network_interface_id": "eni-09d3abdd2c624283e",
                            "password_data": "",
                            "placement_group": "",
                            "primary_network_interface_id": "eni-09d3abdd2c624283e",
                            "private_dns": "ip-172-31-11-128.ap-southeast-2.compute.internal",
                            "private_ip": "172.31.11.128",
                            "public_dns": "ec2-54-252-209-178.ap-southeast-2.compute.amazonaws.com",
                            "public_ip": "54.252.209.178",
                            "root_block_device.#": "1",
                            "root_block_device.0.delete_on_termination": "true",
                            "root_block_device.0.iops": "100",
                            "root_block_device.0.volume_id": "vol-0c0699c004edf2b1b",
                            "root_block_device.0.volume_size": "8",
                            "root_block_device.0.volume_type": "gp2",
                            "security_groups.#": "1",
                            "security_groups.3814588639": "default",
                            "source_dest_check": "true",
                            "subnet_id": "subnet-539ba834",
                            "tags.%": "0",
                            "tenancy": "default",
                            "user_data": "1de6490d1e041739a18ed78a584e1e6c37541099",
                            "volume_tags.%": "0",
                            "vpc_security_group_ids.#": "1",
                            "vpc_security_group_ids.4024156574": "sg-bd6318c5"
                        },
                        "meta": {
                            "e2bfb730-ecaa-11e6-8f88-34363bc7c4c0": {
                                "create": 600000000000,
                                "delete": 1200000000000,
                                "update": 600000000000
                            },
                            "schema_version": "1"
                        },
                        "tainted": false
                    },
                    "deposed": [],
                    "provider": "provider.aws"
                },
                "data.aws_ami.amazon_linux_2": {
                    "type": "aws_ami",
                    "depends_on": [],
                    "primary": {
                        "id": "ami-02fd0b06f06d93dfc",
                        "attributes": {
                            "architecture": "x86_64",
                            "block_device_mappings.#": "1",
                            "block_device_mappings.340275815.device_name": "/dev/xvda",
                            "block_device_mappings.340275815.ebs.%": "6",
                            "block_device_mappings.340275815.ebs.delete_on_termination": "true",
                            "block_device_mappings.340275815.ebs.encrypted": "false",
                            "block_device_mappings.340275815.ebs.iops": "0",
                            "block_device_mappings.340275815.ebs.snapshot_id": "snap-049d43093b7ca3721",
                            "block_device_mappings.340275815.ebs.volume_size": "8",
                            "block_device_mappings.340275815.ebs.volume_type": "gp2",
                            "block_device_mappings.340275815.no_device": "",
                            "block_device_mappings.340275815.virtual_name": "",
                            "creation_date": "2018-11-28T21:08:11.000Z",
                            "description": "Amazon Linux AMI 2018.03.0.20181129 x86_64 HVM gp2",
                            "filter.#": "1",
                            "filter.614007031.name": "name",
                            "filter.614007031.values.#": "1",
                            "filter.614007031.values.0": "amzn-ami-hvm-2018*",
                            "hypervisor": "xen",
                            "id": "ami-02fd0b06f06d93dfc",
                            "image_id": "ami-02fd0b06f06d93dfc",
                            "image_location": "amazon/amzn-ami-hvm-2018.03.0.20181129-x86_64-gp2",
                            "image_owner_alias": "amazon",
                            "image_type": "machine",
                            "most_recent": "true",
                            "name": "amzn-ami-hvm-2018.03.0.20181129-x86_64-gp2",
                            "owner_id": "137112412989",
                            "owners.#": "1",
                            "owners.0": "amazon",
                            "product_codes.#": "0",
                            "public": "true",
                            "root_device_name": "/dev/xvda",
                            "root_device_type": "ebs",
                            "root_snapshot_id": "snap-049d43093b7ca3721",
                            "sriov_net_support": "simple",
                            "state": "available",
                            "state_reason.%": "2",
                            "state_reason.code": "UNSET",
                            "state_reason.message": "UNSET",
                            "tags.%": "0",
                            "virtualization_type": "hvm"
                        },
                        "meta": {},
                        "tainted": false
                    },
                    "deposed": [],
                    "provider": "provider.aws"
                }
            },
            "depends_on": []
        }
    ]
}
