{
    "version": 3,
    "terraform_version": "0.11.11",
    "serial": 10,
    "lineage": "5ec701bf-b67e-376a-3f9a-46c93c99fa4b",
    "modules": [
        {
            "path": [
                "root"
            ],
            "outputs": {
                "amazon_linux_2_version": {
                    "sensitive": false,
                    "type": "string",
                    "value": "ami-02fd0b06f06d93dfc"
                }
            },
            "resources": {
                "aws_iam_instance_profile.s3_read_write_profile": {
                    "type": "aws_iam_instance_profile",
                    "depends_on": [
                        "aws_iam_role.s3_read_write_role"
                    ],
                    "primary": {
                        "id": "s3-read-write-profile",
                        "attributes": {
                            "arn": "arn:aws:iam::058671392321:instance-profile/s3-read-write-profile",
                            "create_date": "2018-12-26T06:23:19Z",
                            "id": "s3-read-write-profile",
                            "name": "s3-read-write-profile",
                            "path": "/",
                            "role": "s3-read-write-role",
                            "roles.#": "1",
                            "roles.695421301": "s3-read-write-role",
                            "unique_id": "AIPAIKKL2UY6MKNNKXYKA"
                        },
                        "meta": {},
                        "tainted": false
                    },
                    "deposed": [],
                    "provider": "provider.aws"
                },
                "aws_iam_policy.s3_read_write_policy": {
                    "type": "aws_iam_policy",
                    "depends_on": [],
                    "primary": {
                        "id": "arn:aws:iam::058671392321:policy/stovetech/s3-read-write-policy",
                        "attributes": {
                            "arn": "arn:aws:iam::058671392321:policy/stovetech/s3-read-write-policy",
                            "description": "read-write access to stovetech s3 buckets",
                            "id": "arn:aws:iam::058671392321:policy/stovetech/s3-read-write-policy",
                            "name": "s3-read-write-policy",
                            "path": "/stovetech/",
                            "policy": "{\n  \"Version\": \"2012-10-17\",\n  \"Statement\": [\n    {\n      \"Effect\": \"Allow\",\n      \"Action\": [\"s3:ListBucket\"],\n      \"Resource\": [\"arn:aws:s3:::*\"]\n    },\n    {\n      \"Effect\": \"Allow\",\n      \"Action\": [\n        \"s3:PutObject\",\n        \"s3:GetObject\",\n        \"s3:DeleteObject\"\n      ],\n      \"Resource\": [\"arn:aws:s3:::*\"]\n    }\n  ]\n}\n"
                        },
                        "meta": {},
                        "tainted": false
                    },
                    "deposed": [],
                    "provider": "provider.aws"
                },
                "aws_iam_role.s3_read_write_role": {
                    "type": "aws_iam_role",
                    "depends_on": [],
                    "primary": {
                        "id": "s3-read-write-role",
                        "attributes": {
                            "arn": "arn:aws:iam::058671392321:role/s3-read-write-role",
                            "assume_role_policy": "{\"Version\":\"2012-10-17\",\"Statement\":[{\"Effect\":\"Allow\",\"Principal\":{\"Service\":\"ec2.amazonaws.com\"},\"Action\":\"sts:AssumeRole\"}]}",
                            "create_date": "2018-12-26T06:23:17Z",
                            "description": "",
                            "force_detach_policies": "false",
                            "id": "s3-read-write-role",
                            "max_session_duration": "3600",
                            "name": "s3-read-write-role",
                            "path": "/",
                            "tags.%": "0",
                            "unique_id": "AROAIRWCNBPK637JRMV7A"
                        },
                        "meta": {},
                        "tainted": false
                    },
                    "deposed": [],
                    "provider": "provider.aws"
                },
                "aws_iam_role_policy_attachment.s3_read_write_role_policy_attachment": {
                    "type": "aws_iam_role_policy_attachment",
                    "depends_on": [
                        "aws_iam_policy.s3_read_write_policy",
                        "aws_iam_role.s3_read_write_role"
                    ],
                    "primary": {
                        "id": "s3-read-write-role-20181226062358363000000001",
                        "attributes": {
                            "id": "s3-read-write-role-20181226062358363000000001",
                            "policy_arn": "arn:aws:iam::058671392321:policy/stovetech/s3-read-write-policy",
                            "role": "s3-read-write-role"
                        },
                        "meta": {},
                        "tainted": false
                    },
                    "deposed": [],
                    "provider": "provider.aws"
                },
                "aws_instance.example": {
                    "type": "aws_instance",
                    "depends_on": [
                        "aws_iam_instance_profile.s3_read_write_profile",
                        "aws_security_group.web_dmz_security_group",
                        "data.aws_ami.amazon_linux_2"
                    ],
                    "primary": {
                        "id": "i-074af73b07644fe21",
                        "attributes": {
                            "ami": "ami-02fd0b06f06d93dfc",
                            "arn": "arn:aws:ec2:ap-southeast-2:058671392321:instance/i-074af73b07644fe21",
                            "associate_public_ip_address": "true",
                            "availability_zone": "ap-southeast-2a",
                            "cpu_core_count": "1",
                            "cpu_threads_per_core": "1",
                            "credit_specification.#": "1",
                            "credit_specification.0.cpu_credits": "standard",
                            "disable_api_termination": "false",
                            "ebs_block_device.#": "0",
                            "ebs_optimized": "false",
                            "ephemeral_block_device.#": "0",
                            "get_password_data": "false",
                            "iam_instance_profile": "s3-read-write-profile",
                            "id": "i-074af73b07644fe21",
                            "instance_state": "running",
                            "instance_type": "t2.micro",
                            "ipv6_addresses.#": "0",
                            "key_name": "StovesEc2KeyPair",
                            "monitoring": "false",
                            "network_interface.#": "0",
                            "network_interface_id": "eni-02a46027dd8266c4d",
                            "password_data": "",
                            "placement_group": "",
                            "primary_network_interface_id": "eni-02a46027dd8266c4d",
                            "private_dns": "ip-172-31-8-218.ap-southeast-2.compute.internal",
                            "private_ip": "172.31.8.218",
                            "public_dns": "ec2-54-153-187-210.ap-southeast-2.compute.amazonaws.com",
                            "public_ip": "54.153.187.210",
                            "root_block_device.#": "1",
                            "root_block_device.0.delete_on_termination": "true",
                            "root_block_device.0.iops": "100",
                            "root_block_device.0.volume_id": "vol-071ae89d995d4b403",
                            "root_block_device.0.volume_size": "8",
                            "root_block_device.0.volume_type": "gp2",
                            "security_groups.#": "1",
                            "security_groups.1919750856": "web-dmz",
                            "source_dest_check": "true",
                            "subnet_id": "subnet-539ba834",
                            "tags.%": "1",
                            "tags.Company": "StoveTech",
                            "tenancy": "default",
                            "user_data": "1de6490d1e041739a18ed78a584e1e6c37541099",
                            "volume_tags.%": "0",
                            "vpc_security_group_ids.#": "1",
                            "vpc_security_group_ids.4024665786": "sg-015a7c65ac47fe64e"
                        },
                        "meta": {
                            "e2bfb730-ecaa-11e6-8f88-34363bc7c4c0": {
                                "create": 600000000000,
                                "delete": 1200000000000,
                                "update": 600000000000
                            },
                            "schema_version": "1"
                        },
                        "tainted": false
                    },
                    "deposed": [],
                    "provider": "provider.aws"
                },
                "aws_security_group.web_dmz_security_group": {
                    "type": "aws_security_group",
                    "depends_on": [],
                    "primary": {
                        "id": "sg-015a7c65ac47fe64e",
                        "attributes": {
                            "arn": "arn:aws:ec2:ap-southeast-2:058671392321:security-group/sg-015a7c65ac47fe64e",
                            "description": "web site dmz security group",
                            "egress.#": "0",
                            "id": "sg-015a7c65ac47fe64e",
                            "ingress.#": "3",
                            "ingress.2214680975.cidr_blocks.#": "1",
                            "ingress.2214680975.cidr_blocks.0": "0.0.0.0/0",
                            "ingress.2214680975.description": "",
                            "ingress.2214680975.from_port": "80",
                            "ingress.2214680975.ipv6_cidr_blocks.#": "0",
                            "ingress.2214680975.prefix_list_ids.#": "0",
                            "ingress.2214680975.protocol": "tcp",
                            "ingress.2214680975.security_groups.#": "0",
                            "ingress.2214680975.self": "false",
                            "ingress.2214680975.to_port": "80",
                            "ingress.2541437006.cidr_blocks.#": "1",
                            "ingress.2541437006.cidr_blocks.0": "0.0.0.0/0",
                            "ingress.2541437006.description": "",
                            "ingress.2541437006.from_port": "22",
                            "ingress.2541437006.ipv6_cidr_blocks.#": "0",
                            "ingress.2541437006.prefix_list_ids.#": "0",
                            "ingress.2541437006.protocol": "tcp",
                            "ingress.2541437006.security_groups.#": "0",
                            "ingress.2541437006.self": "false",
                            "ingress.2541437006.to_port": "22",
                            "ingress.2617001939.cidr_blocks.#": "1",
                            "ingress.2617001939.cidr_blocks.0": "0.0.0.0/0",
                            "ingress.2617001939.description": "",
                            "ingress.2617001939.from_port": "443",
                            "ingress.2617001939.ipv6_cidr_blocks.#": "0",
                            "ingress.2617001939.prefix_list_ids.#": "0",
                            "ingress.2617001939.protocol": "tcp",
                            "ingress.2617001939.security_groups.#": "0",
                            "ingress.2617001939.self": "false",
                            "ingress.2617001939.to_port": "443",
                            "name": "web-dmz",
                            "owner_id": "058671392321",
                            "revoke_rules_on_delete": "false",
                            "tags.%": "0",
                            "vpc_id": "vpc-460f4521"
                        },
                        "meta": {
                            "e2bfb730-ecaa-11e6-8f88-34363bc7c4c0": {
                                "create": 600000000000,
                                "delete": 600000000000
                            },
                            "schema_version": "1"
                        },
                        "tainted": false
                    },
                    "deposed": [],
                    "provider": "provider.aws"
                },
                "aws_security_group_rule.allow_all_outbound": {
                    "type": "aws_security_group_rule",
                    "depends_on": [
                        "aws_security_group.web_dmz_security_group"
                    ],
                    "primary": {
                        "id": "sgrule-1409595698",
                        "attributes": {
                            "cidr_blocks.#": "1",
                            "cidr_blocks.0": "0.0.0.0/0",
                            "from_port": "0",
                            "id": "sgrule-1409595698",
                            "protocol": "-1",
                            "security_group_id": "sg-015a7c65ac47fe64e",
                            "self": "false",
                            "to_port": "0",
                            "type": "egress"
                        },
                        "meta": {
                            "schema_version": "2"
                        },
                        "tainted": false
                    },
                    "deposed": [],
                    "provider": "provider.aws"
                },
                "aws_security_group_rule.allow_http_in": {
                    "type": "aws_security_group_rule",
                    "depends_on": [
                        "aws_security_group.web_dmz_security_group"
                    ],
                    "primary": {
                        "id": "sgrule-3754176853",
                        "attributes": {
                            "cidr_blocks.#": "1",
                            "cidr_blocks.0": "0.0.0.0/0",
                            "from_port": "80",
                            "id": "sgrule-3754176853",
                            "protocol": "tcp",
                            "security_group_id": "sg-015a7c65ac47fe64e",
                            "self": "false",
                            "to_port": "80",
                            "type": "ingress"
                        },
                        "meta": {
                            "schema_version": "2"
                        },
                        "tainted": false
                    },
                    "deposed": [],
                    "provider": "provider.aws"
                },
                "aws_security_group_rule.allow_https_in": {
                    "type": "aws_security_group_rule",
                    "depends_on": [
                        "aws_security_group.web_dmz_security_group"
                    ],
                    "primary": {
                        "id": "sgrule-808522781",
                        "attributes": {
                            "cidr_blocks.#": "1",
                            "cidr_blocks.0": "0.0.0.0/0",
                            "from_port": "443",
                            "id": "sgrule-808522781",
                            "protocol": "tcp",
                            "security_group_id": "sg-015a7c65ac47fe64e",
                            "self": "false",
                            "to_port": "443",
                            "type": "ingress"
                        },
                        "meta": {
                            "schema_version": "2"
                        },
                        "tainted": false
                    },
                    "deposed": [],
                    "provider": "provider.aws"
                },
                "aws_security_group_rule.allow_ssh_in": {
                    "type": "aws_security_group_rule",
                    "depends_on": [
                        "aws_security_group.web_dmz_security_group"
                    ],
                    "primary": {
                        "id": "sgrule-1766747360",
                        "attributes": {
                            "cidr_blocks.#": "1",
                            "cidr_blocks.0": "0.0.0.0/0",
                            "from_port": "22",
                            "id": "sgrule-1766747360",
                            "protocol": "tcp",
                            "security_group_id": "sg-015a7c65ac47fe64e",
                            "self": "false",
                            "to_port": "22",
                            "type": "ingress"
                        },
                        "meta": {
                            "schema_version": "2"
                        },
                        "tainted": false
                    },
                    "deposed": [],
                    "provider": "provider.aws"
                },
                "data.aws_ami.amazon_linux_2": {
                    "type": "aws_ami",
                    "depends_on": [],
                    "primary": {
                        "id": "ami-02fd0b06f06d93dfc",
                        "attributes": {
                            "architecture": "x86_64",
                            "block_device_mappings.#": "1",
                            "block_device_mappings.340275815.device_name": "/dev/xvda",
                            "block_device_mappings.340275815.ebs.%": "6",
                            "block_device_mappings.340275815.ebs.delete_on_termination": "true",
                            "block_device_mappings.340275815.ebs.encrypted": "false",
                            "block_device_mappings.340275815.ebs.iops": "0",
                            "block_device_mappings.340275815.ebs.snapshot_id": "snap-049d43093b7ca3721",
                            "block_device_mappings.340275815.ebs.volume_size": "8",
                            "block_device_mappings.340275815.ebs.volume_type": "gp2",
                            "block_device_mappings.340275815.no_device": "",
                            "block_device_mappings.340275815.virtual_name": "",
                            "creation_date": "2018-11-28T21:08:11.000Z",
                            "description": "Amazon Linux AMI 2018.03.0.20181129 x86_64 HVM gp2",
                            "filter.#": "1",
                            "filter.614007031.name": "name",
                            "filter.614007031.values.#": "1",
                            "filter.614007031.values.0": "amzn-ami-hvm-2018*",
                            "hypervisor": "xen",
                            "id": "ami-02fd0b06f06d93dfc",
                            "image_id": "ami-02fd0b06f06d93dfc",
                            "image_location": "amazon/amzn-ami-hvm-2018.03.0.20181129-x86_64-gp2",
                            "image_owner_alias": "amazon",
                            "image_type": "machine",
                            "most_recent": "true",
                            "name": "amzn-ami-hvm-2018.03.0.20181129-x86_64-gp2",
                            "owner_id": "137112412989",
                            "owners.#": "1",
                            "owners.0": "amazon",
                            "product_codes.#": "0",
                            "public": "true",
                            "root_device_name": "/dev/xvda",
                            "root_device_type": "ebs",
                            "root_snapshot_id": "snap-049d43093b7ca3721",
                            "sriov_net_support": "simple",
                            "state": "available",
                            "state_reason.%": "2",
                            "state_reason.code": "UNSET",
                            "state_reason.message": "UNSET",
                            "tags.%": "0",
                            "virtualization_type": "hvm"
                        },
                        "meta": {},
                        "tainted": false
                    },
                    "deposed": [],
                    "provider": "provider.aws"
                }
            },
            "depends_on": []
        }
    ]
}
